
Microsoft Visual Studio Solution File, Format Version 12.00
# Visual Studio Version 17
VisualStudioVersion = 17.14.36603.0 d17.14
MinimumVisualStudioVersion = 10.0.40219.1
Project("{FAE04EC0-301F-11D3-BF4B-00C04F79EFBC}") = "mathsQ", "mathsQ\mathsQ.csproj", "{24070D7E-E40E-4E01-9D69-F1600FD4C90A}"
EndProject
Global
	GlobalSection(SolutionConfigurationPlatforms) = preSolution
		Debug|Any CPU = Debug|Any CPU
		Release|Any CPU = Release|Any CPU
	EndGlobalSection
	GlobalSection(ProjectConfigurationPlatforms) = postSolution
		{24070D7E-E40E-4E01-9D69-F1600FD4C90A}.Debug|Any CPU.ActiveCfg = Debug|Any CPU
		{24070D7E-E40E-4E01-9D69-F1600FD4C90A}.Debug|Any CPU.Build.0 = Debug|Any CPU
		{24070D7E-E40E-4E01-9D69-F1600FD4C90A}.Release|Any CPU.ActiveCfg = Release|Any CPU
		{24070D7E-E40E-4E01-9D69-F1600FD4C90A}.Release|Any CPU.Build.0 = Release|Any CPU
	EndGlobalSection
	GlobalSection(SolutionProperties) = preSolution
		HideSolutionNode = FALSE
	EndGlobalSection
	GlobalSection(ExtensibilityGlobals) = postSolution
		SolutionGuid = {8F716BC6-0BB5-4A53-914A-7EA38435E38D}
	EndGlobalSection
EndGlobal
