
Microsoft Visual Studio Solution File, Format Version 12.00
# Visual Studio Version 17
VisualStudioVersion = 17.14.36603.0 d17.14
MinimumVisualStudioVersion = 10.0.40219.1
Project("{FAE04EC0-301F-11D3-BF4B-00C04F79EFBC}") = "notepad4Me", "notepad4Me\notepad4Me.csproj", "{D5BE3010-BA0A-443D-9F42-514FCD6943F4}"
EndProject
Global
	GlobalSection(SolutionConfigurationPlatforms) = preSolution
		Debug|Any CPU = Debug|Any CPU
		Release|Any CPU = Release|Any CPU
	EndGlobalSection
	GlobalSection(ProjectConfigurationPlatforms) = postSolution
		{D5BE3010-BA0A-443D-9F42-514FCD6943F4}.Debug|Any CPU.ActiveCfg = Debug|Any CPU
		{D5BE3010-BA0A-443D-9F42-514FCD6943F4}.Debug|Any CPU.Build.0 = Debug|Any CPU
		{D5BE3010-BA0A-443D-9F42-514FCD6943F4}.Release|Any CPU.ActiveCfg = Release|Any CPU
		{D5BE3010-BA0A-443D-9F42-514FCD6943F4}.Release|Any CPU.Build.0 = Release|Any CPU
	EndGlobalSection
	GlobalSection(SolutionProperties) = preSolution
		HideSolutionNode = FALSE
	EndGlobalSection
	GlobalSection(ExtensibilityGlobals) = postSolution
		SolutionGuid = {448B103A-2BA3-40A0-80AF-4581BEC56686}
	EndGlobalSection
EndGlobal
