
Microsoft Visual Studio Solution File, Format Version 12.00
# Visual Studio Version 17
VisualStudioVersion = 17.14.36603.0 d17.14
MinimumVisualStudioVersion = 10.0.40219.1
Project("{FAE04EC0-301F-11D3-BF4B-00C04F79EFBC}") = "Calculator (Project 9)", "Calculator (Project 9)\Calculator (Project 9).csproj", "{B9EF9200-0465-4AB1-809E-E44B18988F14}"
EndProject
Global
	GlobalSection(SolutionConfigurationPlatforms) = preSolution
		Debug|Any CPU = Debug|Any CPU
		Release|Any CPU = Release|Any CPU
	EndGlobalSection
	GlobalSection(ProjectConfigurationPlatforms) = postSolution
		{B9EF9200-0465-4AB1-809E-E44B18988F14}.Debug|Any CPU.ActiveCfg = Debug|Any CPU
		{B9EF9200-0465-4AB1-809E-E44B18988F14}.Debug|Any CPU.Build.0 = Debug|Any CPU
		{B9EF9200-0465-4AB1-809E-E44B18988F14}.Release|Any CPU.ActiveCfg = Release|Any CPU
		{B9EF9200-0465-4AB1-809E-E44B18988F14}.Release|Any CPU.Build.0 = Release|Any CPU
	EndGlobalSection
	GlobalSection(SolutionProperties) = preSolution
		HideSolutionNode = FALSE
	EndGlobalSection
	GlobalSection(ExtensibilityGlobals) = postSolution
		SolutionGuid = {53407B60-57B4-4880-B3DA-8554BBC1605F}
	EndGlobalSection
EndGlobal
